
Microsoft Visual Studio Solution File, Format Version 12.00
# Visual Studio Version 16
VisualStudioVersion = 16.0.29709.97
MinimumVisualStudioVersion = 10.0.40219.1
Project("{9A19103F-16F7-4668-BE54-9A1E7A4F7556}") = "AdvancedNUnit", "AdvancedNUnit\AdvancedNUnit.csproj", "{D082DF00-0C83-4D41-9763-AB9C2914E14D}"
EndProject
Global
	GlobalSection(SolutionConfigurationPlatforms) = preSolution
		Debug|Any CPU = Debug|Any CPU
		Release|Any CPU = Release|Any CPU
	EndGlobalSection
	GlobalSection(ProjectConfigurationPlatforms) = postSolution
		{D082DF00-0C83-4D41-9763-AB9C2914E14D}.Debug|Any CPU.ActiveCfg = Debug|Any CPU
		{D082DF00-0C83-4D41-9763-AB9C2914E14D}.Debug|Any CPU.Build.0 = Debug|Any CPU
		{D082DF00-0C83-4D41-9763-AB9C2914E14D}.Release|Any CPU.ActiveCfg = Release|Any CPU
		{D082DF00-0C83-4D41-9763-AB9C2914E14D}.Release|Any CPU.Build.0 = Release|Any CPU
	EndGlobalSection
	GlobalSection(SolutionProperties) = preSolution
		HideSolutionNode = FALSE
	EndGlobalSection
	GlobalSection(ExtensibilityGlobals) = postSolution
		SolutionGuid = {326F5439-DB4F-466D-A4CD-8F7FBD22C4A0}
	EndGlobalSection
EndGlobal
